// !$*UTF8*$!
{
	archiveVersion = 1;
	classes = {
	};
	objectVersion = 50;
	objects = {

/* Begin PBXBuildFile section */
		5A00E4DB22CB838000578365 /* AppDelegate.swift in Sources */ = {isa = PBXBuildFile; fileRef = 5A00E4DA22CB838000578365 /* AppDelegate.swift */; };
		5A00E4DD22CB838000578365 /* ViewController.swift in Sources */ = {isa = PBXBuildFile; fileRef = 5A00E4DC22CB838000578365 /* ViewController.swift */; };
		5A00E4E022CB838000578365 /* Main.storyboard in Resources */ = {isa = PBXBuildFile; fileRef = 5A00E4DE22CB838000578365 /* Main.storyboard */; };
		5A00E4E222CB838300578365 /* Assets.xcassets in Resources */ = {isa = PBXBuildFile; fileRef = 5A00E4E122CB838300578365 /* Assets.xcassets */; };
		5A00E4E522CB838300578365 /* LaunchScreen.storyboard in Resources */ = {isa = PBXBuildFile; fileRef = 5A00E4E322CB838300578365 /* LaunchScreen.storyboard */; };
		5A00E4F022CB838300578365 /* NoteTests.swift in Sources */ = {isa = PBXBuildFile; fileRef = 5A00E4EF22CB838300578365 /* NoteTests.swift */; };
		5A00E4FB22CB838300578365 /* NoteUITests.swift in Sources */ = {isa = PBXBuildFile; fileRef = 5A00E4FA22CB838300578365 /* NoteUITests.swift */; };
		5A00E50C22CB846300578365 /* FileNotebook.swift in Sources */ = {isa = PBXBuildFile; fileRef = 5A00E50922CB846300578365 /* FileNotebook.swift */; };
		5A00E50D22CB846300578365 /* Note.swift in Sources */ = {isa = PBXBuildFile; fileRef = 5A00E50A22CB846300578365 /* Note.swift */; };
		5A00E50E22CB846300578365 /* NoteExtension.swift in Sources */ = {isa = PBXBuildFile; fileRef = 5A00E50B22CB846300578365 /* NoteExtension.swift */; };
/* End PBXBuildFile section */

/* Begin PBXContainerItemProxy section */
		5A00E4EC22CB838300578365 /* PBXContainerItemProxy */ = {
			isa = PBXContainerItemProxy;
			containerPortal = 5A00E4CF22CB838000578365 /* Project object */;
			proxyType = 1;
			remoteGlobalIDString = 5A00E4D622CB838000578365;
			remoteInfo = Note;
		};
		5A00E4F722CB838300578365 /* PBXContainerItemProxy */ = {
			isa = PBXContainerItemProxy;
			containerPortal = 5A00E4CF22CB838000578365 /* Project object */;
			proxyType = 1;
			remoteGlobalIDString = 5A00E4D622CB838000578365;
			remoteInfo = Note;
		};
/* End PBXContainerItemProxy section */

/* Begin PBXFileReference section */
		5A00E4D722CB838000578365 /* Note.app */ = {isa = PBXFileReference; explicitFileType = wrapper.application; includeInIndex = 0; path = Note.app; sourceTree = BUILT_PRODUCTS_DIR; };
		5A00E4DA22CB838000578365 /* AppDelegate.swift */ = {isa = PBXFileReference; lastKnownFileType = sourcecode.swift; path = AppDelegate.swift; sourceTree = "<group>"; };
		5A00E4DC22CB838000578365 /* ViewController.swift */ = {isa = PBXFileReference; lastKnownFileType = sourcecode.swift; path = ViewController.swift; sourceTree = "<group>"; };
		5A00E4DF22CB838000578365 /* Base */ = {isa = PBXFileReference; lastKnownFileType = file.storyboard; name = Base; path = Base.lproj/Main.storyboard; sourceTree = "<group>"; };
		5A00E4E122CB838300578365 /* Assets.xcassets */ = {isa = PBXFileReference; lastKnownFileType = folder.assetcatalog; path = Assets.xcassets; sourceTree = "<group>"; };
		5A00E4E422CB838300578365 /* Base */ = {isa = PBXFileReference; lastKnownFileType = file.storyboard; name = Base; path = Base.lproj/LaunchScreen.storyboard; sourceTree = "<group>"; };
		5A00E4E622CB838300578365 /* Info.plist */ = {isa = PBXFileReference; lastKnownFileType = text.plist.xml; path = Info.plist; sourceTree = "<group>"; };
		5A00E4EB22CB838300578365 /* NoteTests.xctest */ = {isa = PBXFileReference; explicitFileType = wrapper.cfbundle; includeInIndex = 0; path = NoteTests.xctest; sourceTree = BUILT_PRODUCTS_DIR; };
		5A00E4EF22CB838300578365 /* NoteTests.swift */ = {isa = PBXFileReference; lastKnownFileType = sourcecode.swift; path = NoteTests.swift; sourceTree = "<group>"; };
		5A00E4F122CB838300578365 /* Info.plist */ = {isa = PBXFileReference; lastKnownFileType = text.plist.xml; path = Info.plist; sourceTree = "<group>"; };
		5A00E4F622CB838300578365 /* NoteUITests.xctest */ = {isa = PBXFileReference; explicitFileType = wrapper.cfbundle; includeInIndex = 0; path = NoteUITests.xctest; sourceTree = BUILT_PRODUCTS_DIR; };
		5A00E4FA22CB838300578365 /* NoteUITests.swift */ = {isa = PBXFileReference; lastKnownFileType = sourcecode.swift; path = NoteUITests.swift; sourceTree = "<group>"; };
		5A00E4FC22CB838300578365 /* Info.plist */ = {isa = PBXFileReference; lastKnownFileType = text.plist.xml; path = Info.plist; sourceTree = "<group>"; };
		5A00E50922CB846300578365 /* FileNotebook.swift */ = {isa = PBXFileReference; fileEncoding = 4; lastKnownFileType = sourcecode.swift; path = FileNotebook.swift; sourceTree = "<group>"; };
		5A00E50A22CB846300578365 /* Note.swift */ = {isa = PBXFileReference; fileEncoding = 4; lastKnownFileType = sourcecode.swift; path = Note.swift; sourceTree = "<group>"; };
		5A00E50B22CB846300578365 /* NoteExtension.swift */ = {isa = PBXFileReference; fileEncoding = 4; lastKnownFileType = sourcecode.swift; path = NoteExtension.swift; sourceTree = "<group>"; };
/* End PBXFileReference section */

/* Begin PBXFrameworksBuildPhase section */
		5A00E4D422CB838000578365 /* Frameworks */ = {
			isa = PBXFrameworksBuildPhase;
			buildActionMask = 2147483647;
			files = (
			);
			runOnlyForDeploymentPostprocessing = 0;
		};
		5A00E4E822CB838300578365 /* Frameworks */ = {
			isa = PBXFrameworksBuildPhase;
			buildActionMask = 2147483647;
			files = (
			);
			runOnlyForDeploymentPostprocessing = 0;
		};
		5A00E4F322CB838300578365 /* Frameworks */ = {
			isa = PBXFrameworksBuildPhase;
			buildActionMask = 2147483647;
			files = (
			);
			runOnlyForDeploymentPostprocessing = 0;
		};
/* End PBXFrameworksBuildPhase section */

/* Begin PBXGroup section */
		5A00E4CE22CB838000578365 = {
			isa = PBXGroup;
			children = (
				5A00E50822CB844300578365 /* Model */,
				5A00E4D922CB838000578365 /* Note */,
				5A00E4EE22CB838300578365 /* NoteTests */,
				5A00E4F922CB838300578365 /* NoteUITests */,
				5A00E4D822CB838000578365 /* Products */,
			);
			sourceTree = "<group>";
		};
		5A00E4D822CB838000578365 /* Products */ = {
			isa = PBXGroup;
			children = (
				5A00E4D722CB838000578365 /* Note.app */,
				5A00E4EB22CB838300578365 /* NoteTests.xctest */,
				5A00E4F622CB838300578365 /* NoteUITests.xctest */,
			);
			name = Products;
			sourceTree = "<group>";
		};
		5A00E4D922CB838000578365 /* Note */ = {
			isa = PBXGroup;
			children = (
				5A00E4DA22CB838000578365 /* AppDelegate.swift */,
				5A00E4DC22CB838000578365 /* ViewController.swift */,
				5A00E4DE22CB838000578365 /* Main.storyboard */,
				5A00E4E122CB838300578365 /* Assets.xcassets */,
				5A00E4E322CB838300578365 /* LaunchScreen.storyboard */,
				5A00E4E622CB838300578365 /* Info.plist */,
			);
			path = Note;
			sourceTree = "<group>";
		};
		5A00E4EE22CB838300578365 /* NoteTests */ = {
			isa = PBXGroup;
			children = (
				5A00E4EF22CB838300578365 /* NoteTests.swift */,
				5A00E4F122CB838300578365 /* Info.plist */,
			);
			path = NoteTests;
			sourceTree = "<group>";
		};
		5A00E4F922CB838300578365 /* NoteUITests */ = {
			isa = PBXGroup;
			children = (
				5A00E4FA22CB838300578365 /* NoteUITests.swift */,
				5A00E4FC22CB838300578365 /* Info.plist */,
			);
			path = NoteUITests;
			sourceTree = "<group>";
		};
		5A00E50822CB844300578365 /* Model */ = {
			isa = PBXGroup;
			children = (
				5A00E50922CB846300578365 /* FileNotebook.swift */,
				5A00E50B22CB846300578365 /* NoteExtension.swift */,
				5A00E50A22CB846300578365 /* Note.swift */,
			);
			path = Model;
			sourceTree = "<group>";
		};
/* End PBXGroup section */

/* Begin PBXNativeTarget section */
		5A00E4D622CB838000578365 /* Note */ = {
			isa = PBXNativeTarget;
			buildConfigurationList = 5A00E4FF22CB838300578365 /* Build configuration list for PBXNativeTarget "Note" */;
			buildPhases = (
				5A00E4D322CB838000578365 /* Sources */,
				5A00E4D422CB838000578365 /* Frameworks */,
				5A00E4D522CB838000578365 /* Resources */,
			);
			buildRules = (
			);
			dependencies = (
			);
			name = Note;
			productName = Note;
			productReference = 5A00E4D722CB838000578365 /* Note.app */;
			productType = "com.apple.product-type.application";
		};
		5A00E4EA22CB838300578365 /* NoteTests */ = {
			isa = PBXNativeTarget;
			buildConfigurationList = 5A00E50222CB838300578365 /* Build configuration list for PBXNativeTarget "NoteTests" */;
			buildPhases = (
				5A00E4E722CB838300578365 /* Sources */,
				5A00E4E822CB838300578365 /* Frameworks */,
				5A00E4E922CB838300578365 /* Resources */,
			);
			buildRules = (
			);
			dependencies = (
				5A00E4ED22CB838300578365 /* PBXTargetDependency */,
			);
			name = NoteTests;
			productName = NoteTests;
			productReference = 5A00E4EB22CB838300578365 /* NoteTests.xctest */;
			productType = "com.apple.product-type.bundle.unit-test";
		};
		5A00E4F522CB838300578365 /* NoteUITests */ = {
			isa = PBXNativeTarget;
			buildConfigurationList = 5A00E50522CB838300578365 /* Build configuration list for PBXNativeTarget "NoteUITests" */;
			buildPhases = (
				5A00E4F222CB838300578365 /* Sources */,
				5A00E4F322CB838300578365 /* Frameworks */,
				5A00E4F422CB838300578365 /* Resources */,
			);
			buildRules = (
			);
			dependencies = (
				5A00E4F822CB838300578365 /* PBXTargetDependency */,
			);
			name = NoteUITests;
			productName = NoteUITests;
			productReference = 5A00E4F622CB838300578365 /* NoteUITests.xctest */;
			productType = "com.apple.product-type.bundle.ui-testing";
		};
/* End PBXNativeTarget section */

/* Begin PBXProject section */
		5A00E4CF22CB838000578365 /* Project object */ = {
			isa = PBXProject;
			attributes = {
				LastSwiftUpdateCheck = 1020;
				LastUpgradeCheck = 1020;
				TargetAttributes = {
					5A00E4D622CB838000578365 = {
						CreatedOnToolsVersion = 10.2.1;
					};
					5A00E4EA22CB838300578365 = {
						CreatedOnToolsVersion = 10.2.1;
						TestTargetID = 5A00E4D622CB838000578365;
					};
					5A00E4F522CB838300578365 = {
						CreatedOnToolsVersion = 10.2.1;
						TestTargetID = 5A00E4D622CB838000578365;
					};
				};
			};
			buildConfigurationList = 5A00E4D222CB838000578365 /* Build configuration list for PBXProject "Note" */;
			compatibilityVersion = "Xcode 9.3";
			developmentRegion = en;
			hasScannedForEncodings = 0;
			knownRegions = (
				en,
				Base,
			);
			mainGroup = 5A00E4CE22CB838000578365;
			productRefGroup = 5A00E4D822CB838000578365 /* Products */;
			projectDirPath = "";
			projectRoot = "";
			targets = (
				5A00E4D622CB838000578365 /* Note */,
				5A00E4EA22CB838300578365 /* NoteTests */,
				5A00E4F522CB838300578365 /* NoteUITests */,
			);
		};
/* End PBXProject section */

/* Begin PBXResourcesBuildPhase section */
		5A00E4D522CB838000578365 /* Resources */ = {
			isa = PBXResourcesBuildPhase;
			buildActionMask = 2147483647;
			files = (
				5A00E4E522CB838300578365 /* LaunchScreen.storyboard in Resources */,
				5A00E4E222CB838300578365 /* Assets.xcassets in Resources */,
				5A00E4E022CB838000578365 /* Main.storyboard in Resources */,
			);
			runOnlyForDeploymentPostprocessing = 0;
		};
		5A00E4E922CB838300578365 /* Resources */ = {
			isa = PBXResourcesBuildPhase;
			buildActionMask = 2147483647;
			files = (
			);
			runOnlyForDeploymentPostprocessing = 0;
		};
		5A00E4F422CB838300578365 /* Resources */ = {
			isa = PBXResourcesBuildPhase;
			buildActionMask = 2147483647;
			files = (
			);
			runOnlyForDeploymentPostprocessing = 0;
		};
/* End PBXResourcesBuildPhase section */

/* Begin PBXSourcesBuildPhase section */
		5A00E4D322CB838000578365 /* Sources */ = {
			isa = PBXSourcesBuildPhase;
			buildActionMask = 2147483647;
			files = (
				5A00E50E22CB846300578365 /* NoteExtension.swift in Sources */,
				5A00E50C22CB846300578365 /* FileNotebook.swift in Sources */,
				5A00E4DD22CB838000578365 /* ViewController.swift in Sources */,
				5A00E4DB22CB838000578365 /* AppDelegate.swift in Sources */,
				5A00E50D22CB846300578365 /* Note.swift in Sources */,
			);
			runOnlyForDeploymentPostprocessing = 0;
		};
		5A00E4E722CB838300578365 /* Sources */ = {
			isa = PBXSourcesBuildPhase;
			buildActionMask = 2147483647;
			files = (
				5A00E4F022CB838300578365 /* NoteTests.swift in Sources */,
			);
			runOnlyForDeploymentPostprocessing = 0;
		};
		5A00E4F222CB838300578365 /* Sources */ = {
			isa = PBXSourcesBuildPhase;
			buildActionMask = 2147483647;
			files = (
				5A00E4FB22CB838300578365 /* NoteUITests.swift in Sources */,
			);
			runOnlyForDeploymentPostprocessing = 0;
		};
/* End PBXSourcesBuildPhase section */

/* Begin PBXTargetDependency section */
		5A00E4ED22CB838300578365 /* PBXTargetDependency */ = {
			isa = PBXTargetDependency;
			target = 5A00E4D622CB838000578365 /* Note */;
			targetProxy = 5A00E4EC22CB838300578365 /* PBXContainerItemProxy */;
		};
		5A00E4F822CB838300578365 /* PBXTargetDependency */ = {
			isa = PBXTargetDependency;
			target = 5A00E4D622CB838000578365 /* Note */;
			targetProxy = 5A00E4F722CB838300578365 /* PBXContainerItemProxy */;
		};
/* End PBXTargetDependency section */

/* Begin PBXVariantGroup section */
		5A00E4DE22CB838000578365 /* Main.storyboard */ = {
			isa = PBXVariantGroup;
			children = (
				5A00E4DF22CB838000578365 /* Base */,
			);
			name = Main.storyboard;
			sourceTree = "<group>";
		};
		5A00E4E322CB838300578365 /* LaunchScreen.storyboard */ = {
			isa = PBXVariantGroup;
			children = (
				5A00E4E422CB838300578365 /* Base */,
			);
			name = LaunchScreen.storyboard;
			sourceTree = "<group>";
		};
/* End PBXVariantGroup section */

/* Begin XCBuildConfiguration section */
		5A00E4FD22CB838300578365 /* Debug */ = {
			isa = XCBuildConfiguration;
			buildSettings = {
				ALWAYS_SEARCH_USER_PATHS = NO;
				CLANG_ANALYZER_NONNULL = YES;
				CLANG_ANALYZER_NUMBER_OBJECT_CONVERSION = YES_AGGRESSIVE;
				CLANG_CXX_LANGUAGE_STANDARD = "gnu++14";
				CLANG_CXX_LIBRARY = "libc++";
				CLANG_ENABLE_MODULES = YES;
				CLANG_ENABLE_OBJC_ARC = YES;
				CLANG_ENABLE_OBJC_WEAK = YES;
				CLANG_WARN_BLOCK_CAPTURE_AUTORELEASING = YES;
				CLANG_WARN_BOOL_CONVERSION = YES;
				CLANG_WARN_COMMA = YES;
				CLANG_WARN_CONSTANT_CONVERSION = YES;
				CLANG_WARN_DEPRECATED_OBJC_IMPLEMENTATIONS = YES;
				CLANG_WARN_DIRECT_OBJC_ISA_USAGE = YES_ERROR;
				CLANG_WARN_DOCUMENTATION_COMMENTS = YES;
				CLANG_WARN_EMPTY_BODY = YES;
				CLANG_WARN_ENUM_CONVERSION = YES;
				CLANG_WARN_INFINITE_RECURSION = YES;
				CLANG_WARN_INT_CONVERSION = YES;
				CLANG_WARN_NON_LITERAL_NULL_CONVERSION = YES;
				CLANG_WARN_OBJC_IMPLICIT_RETAIN_SELF = YES;
				CLANG_WARN_OBJC_LITERAL_CONVERSION = YES;
				CLANG_WARN_OBJC_ROOT_CLASS = YES_ERROR;
				CLANG_WARN_RANGE_LOOP_ANALYSIS = YES;
				CLANG_WARN_STRICT_PROTOTYPES = YES;
				CLANG_WARN_SUSPICIOUS_MOVE = YES;
				CLANG_WARN_UNGUARDED_AVAILABILITY = YES_AGGRESSIVE;
				CLANG_WARN_UNREACHABLE_CODE = YES;
				CLANG_WARN__DUPLICATE_METHOD_MATCH = YES;
				CODE_SIGN_IDENTITY = "iPhone Developer";
				COPY_PHASE_STRIP = NO;
				DEBUG_INFORMATION_FORMAT = dwarf;
				ENABLE_STRICT_OBJC_MSGSEND = YES;
				ENABLE_TESTABILITY = YES;
				GCC_C_LANGUAGE_STANDARD = gnu11;
				GCC_DYNAMIC_NO_PIC = NO;
				GCC_NO_COMMON_BLOCKS = YES;
				GCC_OPTIMIZATION_LEVEL = 0;
				GCC_PREPROCESSOR_DEFINITIONS = (
					"DEBUG=1",
					"$(inherited)",
				);
				GCC_WARN_64_TO_32_BIT_CONVERSION = YES;
				GCC_WARN_ABOUT_RETURN_TYPE = YES_ERROR;
				GCC_WARN_UNDECLARED_SELECTOR = YES;
				GCC_WARN_UNINITIALIZED_AUTOS = YES_AGGRESSIVE;
				GCC_WARN_UNUSED_FUNCTION = YES;
				GCC_WARN_UNUSED_VARIABLE = YES;
				IPHONEOS_DEPLOYMENT_TARGET = 12.2;
				MTL_ENABLE_DEBUG_INFO = INCLUDE_SOURCE;
				MTL_FAST_MATH = YES;
				ONLY_ACTIVE_ARCH = YES;
				SDKROOT = iphoneos;
				SWIFT_ACTIVE_COMPILATION_CONDITIONS = DEBUG;
				SWIFT_OPTIMIZATION_LEVEL = "-Onone";
			};
			name = Debug;
		};
		5A00E4FE22CB838300578365 /* Release */ = {
			isa = XCBuildConfiguration;
			buildSettings = {
				ALWAYS_SEARCH_USER_PATHS = NO;
				CLANG_ANALYZER_NONNULL = YES;
				CLANG_ANALYZER_NUMBER_OBJECT_CONVERSION = YES_AGGRESSIVE;
				CLANG_CXX_LANGUAGE_STANDARD = "gnu++14";
				CLANG_CXX_LIBRARY = "libc++";
				CLANG_ENABLE_MODULES = YES;
				CLANG_ENABLE_OBJC_ARC = YES;
				CLANG_ENABLE_OBJC_WEAK = YES;
				CLANG_WARN_BLOCK_CAPTURE_AUTORELEASING = YES;
				CLANG_WARN_BOOL_CONVERSION = YES;
				CLANG_WARN_COMMA = YES;
				CLANG_WARN_CONSTANT_CONVERSION = YES;
				CLANG_WARN_DEPRECATED_OBJC_IMPLEMENTATIONS = YES;
				CLANG_WARN_DIRECT_OBJC_ISA_USAGE = YES_ERROR;
				CLANG_WARN_DOCUMENTATION_COMMENTS = YES;
				CLANG_WARN_EMPTY_BODY = YES;
				CLANG_WARN_ENUM_CONVERSION = YES;
				CLANG_WARN_INFINITE_RECURSION = YES;
				CLANG_WARN_INT_CONVERSION = YES;
				CLANG_WARN_NON_LITERAL_NULL_CONVERSION = YES;
				CLANG_WARN_OBJC_IMPLICIT_RETAIN_SELF = YES;
				CLANG_WARN_OBJC_LITERAL_CONVERSION = YES;
				CLANG_WARN_OBJC_ROOT_CLASS = YES_ERROR;
				CLANG_WARN_RANGE_LOOP_ANALYSIS = YES;
				CLANG_WARN_STRICT_PROTOTYPES = YES;
				CLANG_WARN_SUSPICIOUS_MOVE = YES;
				CLANG_WARN_UNGUARDED_AVAILABILITY = YES_AGGRESSIVE;
				CLANG_WARN_UNREACHABLE_CODE = YES;
				CLANG_WARN__DUPLICATE_METHOD_MATCH = YES;
				CODE_SIGN_IDENTITY = "iPhone Developer";
				COPY_PHASE_STRIP = NO;
				DEBUG_INFORMATION_FORMAT = "dwarf-with-dsym";
				ENABLE_NS_ASSERTIONS = NO;
				ENABLE_STRICT_OBJC_MSGSEND = YES;
				GCC_C_LANGUAGE_STANDARD = gnu11;
				GCC_NO_COMMON_BLOCKS = YES;
				GCC_WARN_64_TO_32_BIT_CONVERSION = YES;
				GCC_WARN_ABOUT_RETURN_TYPE = YES_ERROR;
				GCC_WARN_UNDECLARED_SELECTOR = YES;
				GCC_WARN_UNINITIALIZED_AUTOS = YES_AGGRESSIVE;
				GCC_WARN_UNUSED_FUNCTION = YES;
				GCC_WARN_UNUSED_VARIABLE = YES;
				IPHONEOS_DEPLOYMENT_TARGET = 12.2;
				MTL_ENABLE_DEBUG_INFO = NO;
				MTL_FAST_MATH = YES;
				SDKROOT = iphoneos;
				SWIFT_COMPILATION_MODE = wholemodule;
				SWIFT_OPTIMIZATION_LEVEL = "-O";
				VALIDATE_PRODUCT = YES;
			};
			name = Release;
		};
		5A00E50022CB838300578365 /* Debug */ = {
			isa = XCBuildConfiguration;
			buildSettings = {
				ASSETCATALOG_COMPILER_APPICON_NAME = AppIcon;
				CODE_SIGN_STYLE = Automatic;
				DEVELOPMENT_TEAM = NWSTPFC433;
				INFOPLIST_FILE = Note/Info.plist;
				LD_RUNPATH_SEARCH_PATHS = (
					"$(inherited)",
					"@executable_path/Frameworks",
				);
				PRODUCT_BUNDLE_IDENTIFIER = me.alexeykomov.Note;
				PRODUCT_NAME = "$(TARGET_NAME)";
				SWIFT_VERSION = 5.0;
				TARGETED_DEVICE_FAMILY = 1;
			};
			name = Debug;
		};
		5A00E50122CB838300578365 /* Release */ = {
			isa = XCBuildConfiguration;
			buildSettings = {
				ASSETCATALOG_COMPILER_APPICON_NAME = AppIcon;
				CODE_SIGN_STYLE = Automatic;
				DEVELOPMENT_TEAM = NWSTPFC433;
				INFOPLIST_FILE = Note/Info.plist;
				LD_RUNPATH_SEARCH_PATHS = (
					"$(inherited)",
					"@executable_path/Frameworks",
				);
				PRODUCT_BUNDLE_IDENTIFIER = me.alexeykomov.Note;
				PRODUCT_NAME = "$(TARGET_NAME)";
				SWIFT_VERSION = 5.0;
				TARGETED_DEVICE_FAMILY = 1;
			};
			name = Release;
		};
		5A00E50322CB838300578365 /* Debug */ = {
			isa = XCBuildConfiguration;
			buildSettings = {
				ALWAYS_EMBED_SWIFT_STANDARD_LIBRARIES = YES;
				BUNDLE_LOADER = "$(TEST_HOST)";
				CODE_SIGN_STYLE = Automatic;
				DEVELOPMENT_TEAM = NWSTPFC433;
				INFOPLIST_FILE = NoteTests/Info.plist;
				LD_RUNPATH_SEARCH_PATHS = (
					"$(inherited)",
					"@executable_path/Frameworks",
					"@loader_path/Frameworks",
				);
				PRODUCT_BUNDLE_IDENTIFIER = me.alexeykomov.NoteTests;
				PRODUCT_NAME = "$(TARGET_NAME)";
				SWIFT_VERSION = 5.0;
				TARGETED_DEVICE_FAMILY = "1,2";
				TEST_HOST = "$(BUILT_PRODUCTS_DIR)/Note.app/Note";
			};
			name = Debug;
		};
		5A00E50422CB838300578365 /* Release */ = {
			isa = XCBuildConfiguration;
			buildSettings = {
				ALWAYS_EMBED_SWIFT_STANDARD_LIBRARIES = YES;
				BUNDLE_LOADER = "$(TEST_HOST)";
				CODE_SIGN_STYLE = Automatic;
				DEVELOPMENT_TEAM = NWSTPFC433;
				INFOPLIST_FILE = NoteTests/Info.plist;
				LD_RUNPATH_SEARCH_PATHS = (
					"$(inherited)",
					"@executable_path/Frameworks",
					"@loader_path/Frameworks",
				);
				PRODUCT_BUNDLE_IDENTIFIER = me.alexeykomov.NoteTests;
				PRODUCT_NAME = "$(TARGET_NAME)";
				SWIFT_VERSION = 5.0;
				TARGETED_DEVICE_FAMILY = "1,2";
				TEST_HOST = "$(BUILT_PRODUCTS_DIR)/Note.app/Note";
			};
			name = Release;
		};
		5A00E50622CB838300578365 /* Debug */ = {
			isa = XCBuildConfiguration;
			buildSettings = {
				ALWAYS_EMBED_SWIFT_STANDARD_LIBRARIES = YES;
				CODE_SIGN_STYLE = Automatic;
				DEVELOPMENT_TEAM = NWSTPFC433;
				INFOPLIST_FILE = NoteUITests/Info.plist;
				LD_RUNPATH_SEARCH_PATHS = (
					"$(inherited)",
					"@executable_path/Frameworks",
					"@loader_path/Frameworks",
				);
				PRODUCT_BUNDLE_IDENTIFIER = me.alexeykomov.NoteUITests;
				PRODUCT_NAME = "$(TARGET_NAME)";
				SWIFT_VERSION = 5.0;
				TARGETED_DEVICE_FAMILY = "1,2";
				TEST_TARGET_NAME = Note;
			};
			name = Debug;
		};
		5A00E50722CB838300578365 /* Release */ = {
			isa = XCBuildConfiguration;
			buildSettings = {
				ALWAYS_EMBED_SWIFT_STANDARD_LIBRARIES = YES;
				CODE_SIGN_STYLE = Automatic;
				DEVELOPMENT_TEAM = NWSTPFC433;
				INFOPLIST_FILE = NoteUITests/Info.plist;
				LD_RUNPATH_SEARCH_PATHS = (
					"$(inherited)",
					"@executable_path/Frameworks",
					"@loader_path/Frameworks",
				);
				PRODUCT_BUNDLE_IDENTIFIER = me.alexeykomov.NoteUITests;
				PRODUCT_NAME = "$(TARGET_NAME)";
				SWIFT_VERSION = 5.0;
				TARGETED_DEVICE_FAMILY = "1,2";
				TEST_TARGET_NAME = Note;
			};
			name = Release;
		};
/* End XCBuildConfiguration section */

/* Begin XCConfigurationList section */
		5A00E4D222CB838000578365 /* Build configuration list for PBXProject "Note" */ = {
			isa = XCConfigurationList;
			buildConfigurations = (
				5A00E4FD22CB838300578365 /* Debug */,
				5A00E4FE22CB838300578365 /* Release */,
			);
			defaultConfigurationIsVisible = 0;
			defaultConfigurationName = Release;
		};
		5A00E4FF22CB838300578365 /* Build configuration list for PBXNativeTarget "Note" */ = {
			isa = XCConfigurationList;
			buildConfigurations = (
				5A00E50022CB838300578365 /* Debug */,
				5A00E50122CB838300578365 /* Release */,
			);
			defaultConfigurationIsVisible = 0;
			defaultConfigurationName = Release;
		};
		5A00E50222CB838300578365 /* Build configuration list for PBXNativeTarget "NoteTests" */ = {
			isa = XCConfigurationList;
			buildConfigurations = (
				5A00E50322CB838300578365 /* Debug */,
				5A00E50422CB838300578365 /* Release */,
			);
			defaultConfigurationIsVisible = 0;
			defaultConfigurationName = Release;
		};
		5A00E50522CB838300578365 /* Build configuration list for PBXNativeTarget "NoteUITests" */ = {
			isa = XCConfigurationList;
			buildConfigurations = (
				5A00E50622CB838300578365 /* Debug */,
				5A00E50722CB838300578365 /* Release */,
			);
			defaultConfigurationIsVisible = 0;
			defaultConfigurationName = Release;
		};
/* End XCConfigurationList section */
	};
	rootObject = 5A00E4CF22CB838000578365 /* Project object */;
}
